
Microsoft Visual Studio Solution File, Format Version 12.00
# Visual Studio Version 16
VisualStudioVersion = 16.0.31911.196
MinimumVisualStudioVersion = 10.0.40219.1
Project("{9A19103F-16F7-4668-BE54-9A1E7A4F7556}") = "EveryoneCoursers.WebApi", "EveryoneCoursers.WebApi\EveryoneCoursers.WebApi.csproj", "{F6BFD5CE-F809-400E-9476-25AA4EA49249}"
EndProject
Project("{9A19103F-16F7-4668-BE54-9A1E7A4F7556}") = "EveryoneCourses.ClassLibrary", "EveryoneCourses.ClassLibrary\EveryoneCourses.ClassLibrary.csproj", "{0AC430E0-C37E-4E38-BBB5-9476326F3307}"
EndProject
Project("{9A19103F-16F7-4668-BE54-9A1E7A4F7556}") = "EveryoneCourses.Repository", "EveryoneCourses.Repository\EveryoneCourses.Repository.csproj", "{71C8A022-1CD3-4168-94BF-6AB74523C89C}"
EndProject
Project("{FAE04EC0-301F-11D3-BF4B-00C04F79EFBC}") = "EveryoneCourses.UnitTests", "EveryoneCourses.UnitTests\EveryoneCourses.UnitTests.csproj", "{5587A420-2B8F-4E4F-835C-C5EBFDE521ED}"
EndProject
Project("{FAE04EC0-301F-11D3-BF4B-00C04F79EFBC}") = "EveryoneCourses.IntegrationTests", "EveryoneCourses.IntegrationTests\EveryoneCourses.IntegrationTests.csproj", "{1B181DF0-5BFA-44D3-AEBF-7A7F16500E33}"
EndProject
Global
	GlobalSection(SolutionConfigurationPlatforms) = preSolution
		Debug|Any CPU = Debug|Any CPU
		Release|Any CPU = Release|Any CPU
	EndGlobalSection
	GlobalSection(ProjectConfigurationPlatforms) = postSolution
		{F6BFD5CE-F809-400E-9476-25AA4EA49249}.Debug|Any CPU.ActiveCfg = Debug|Any CPU
		{F6BFD5CE-F809-400E-9476-25AA4EA49249}.Debug|Any CPU.Build.0 = Debug|Any CPU
		{F6BFD5CE-F809-400E-9476-25AA4EA49249}.Release|Any CPU.ActiveCfg = Release|Any CPU
		{F6BFD5CE-F809-400E-9476-25AA4EA49249}.Release|Any CPU.Build.0 = Release|Any CPU
		{0AC430E0-C37E-4E38-BBB5-9476326F3307}.Debug|Any CPU.ActiveCfg = Debug|Any CPU
		{0AC430E0-C37E-4E38-BBB5-9476326F3307}.Debug|Any CPU.Build.0 = Debug|Any CPU
		{0AC430E0-C37E-4E38-BBB5-9476326F3307}.Release|Any CPU.ActiveCfg = Release|Any CPU
		{0AC430E0-C37E-4E38-BBB5-9476326F3307}.Release|Any CPU.Build.0 = Release|Any CPU
		{71C8A022-1CD3-4168-94BF-6AB74523C89C}.Debug|Any CPU.ActiveCfg = Debug|Any CPU
		{71C8A022-1CD3-4168-94BF-6AB74523C89C}.Debug|Any CPU.Build.0 = Debug|Any CPU
		{71C8A022-1CD3-4168-94BF-6AB74523C89C}.Release|Any CPU.ActiveCfg = Release|Any CPU
		{71C8A022-1CD3-4168-94BF-6AB74523C89C}.Release|Any CPU.Build.0 = Release|Any CPU
		{5587A420-2B8F-4E4F-835C-C5EBFDE521ED}.Debug|Any CPU.ActiveCfg = Debug|Any CPU
		{5587A420-2B8F-4E4F-835C-C5EBFDE521ED}.Debug|Any CPU.Build.0 = Debug|Any CPU
		{5587A420-2B8F-4E4F-835C-C5EBFDE521ED}.Release|Any CPU.ActiveCfg = Release|Any CPU
		{5587A420-2B8F-4E4F-835C-C5EBFDE521ED}.Release|Any CPU.Build.0 = Release|Any CPU
		{1B181DF0-5BFA-44D3-AEBF-7A7F16500E33}.Debug|Any CPU.ActiveCfg = Debug|Any CPU
		{1B181DF0-5BFA-44D3-AEBF-7A7F16500E33}.Debug|Any CPU.Build.0 = Debug|Any CPU
		{1B181DF0-5BFA-44D3-AEBF-7A7F16500E33}.Release|Any CPU.ActiveCfg = Release|Any CPU
		{1B181DF0-5BFA-44D3-AEBF-7A7F16500E33}.Release|Any CPU.Build.0 = Release|Any CPU
	EndGlobalSection
	GlobalSection(SolutionProperties) = preSolution
		HideSolutionNode = FALSE
	EndGlobalSection
	GlobalSection(ExtensibilityGlobals) = postSolution
		SolutionGuid = {3E288FAE-9C65-4B77-B6F7-55325A6F077E}
	EndGlobalSection
EndGlobal
